
Microsoft Visual Studio Solution File, Format Version 12.00
# Visual Studio Version 17
VisualStudioVersion = 17.11.35312.102
MinimumVisualStudioVersion = 10.0.40219.1
Project("{FAE04EC0-301F-11D3-BF4B-00C04F79EFBC}") = "TaskArray1", "TaskArray1\TaskArray1.csproj", "{A2516162-B7DC-48A6-BDD3-2268E0745B1C}"
EndProject
Global
	GlobalSection(SolutionConfigurationPlatforms) = preSolution
		Debug|Any CPU = Debug|Any CPU
		Release|Any CPU = Release|Any CPU
	EndGlobalSection
	GlobalSection(ProjectConfigurationPlatforms) = postSolution
		{A2516162-B7DC-48A6-BDD3-2268E0745B1C}.Debug|Any CPU.ActiveCfg = Debug|Any CPU
		{A2516162-B7DC-48A6-BDD3-2268E0745B1C}.Debug|Any CPU.Build.0 = Debug|Any CPU
		{A2516162-B7DC-48A6-BDD3-2268E0745B1C}.Release|Any CPU.ActiveCfg = Release|Any CPU
		{A2516162-B7DC-48A6-BDD3-2268E0745B1C}.Release|Any CPU.Build.0 = Release|Any CPU
	EndGlobalSection
	GlobalSection(SolutionProperties) = preSolution
		HideSolutionNode = FALSE
	EndGlobalSection
	GlobalSection(ExtensibilityGlobals) = postSolution
		SolutionGuid = {563C55FE-DFCB-4496-9C8A-67654CFC2B13}
	EndGlobalSection
EndGlobal
